<?xml version="1.0" encoding="utf-8"?>
<Project ToolsVersion="4.0" xmlns="http://schemas.microsoft.com/developer/msbuild/2003">
  <ItemGroup>
    <ClCompile Include="PreCompile.cpp" />
    <ClCompile Include="ContentsCore.cpp" />
    <ClCompile Include="TileMap.cpp">
      <Filter>Object</Filter>
    </ClCompile>
    <ClCompile Include="BackGroundMap.cpp">
      <Filter>Global</Filter>
    </ClCompile>
    <ClCompile Include="Player.cpp">
      <Filter>Object\Player</Filter>
    </ClCompile>
    <ClCompile Include="PlayerState.cpp">
      <Filter>Object\Player</Filter>
    </ClCompile>
    <ClCompile Include="GlobalValue.cpp">
      <Filter>Global</Filter>
    </ClCompile>
    <ClCompile Include="PlayerActor.cpp">
      <Filter>Object\Player</Filter>
    </ClCompile>
    <ClCompile Include="MainUIActor.cpp">
      <Filter>Global</Filter>
    </ClCompile>
    <ClCompile Include="PotalManager.cpp">
      <Filter>Object\Potal</Filter>
    </ClCompile>
    <ClCompile Include="AdeleSkill.cpp">
      <Filter>Object\Player\SKill</Filter>
    </ClCompile>
    <ClCompile Include="BasicFunction.cpp">
      <Filter>Object\Player\Utill</Filter>
    </ClCompile>
    <ClCompile Include="DamageRenderer.cpp">
      <Filter>Object\Damage</Filter>
    </ClCompile>
    <ClCompile Include="Mouse.cpp">
      <Filter>Global</Filter>
    </ClCompile>
    <ClCompile Include="SummonUi.cpp">
      <Filter>Object\UI</Filter>
    </ClCompile>
    <ClCompile Include="Monster.cpp">
      <Filter>Object\Monster</Filter>
    </ClCompile>
    <ClCompile Include="JinHillaAnime.cpp">
      <Filter>Object\Boss\BossAnime</Filter>
    </ClCompile>
    <ClCompile Include="JinHillaEnterAnime.cpp">
      <Filter>Object\Boss\BossAnime</Filter>
    </ClCompile>
    <ClCompile Include="JinHillaBoss.cpp">
      <Filter>Object\Boss</Filter>
    </ClCompile>
    <ClCompile Include="CravingMonster.cpp">
      <Filter>Object\Boss\SummonMonster</Filter>
    </ClCompile>
    <ClCompile Include="GhostSwoo.cpp">
      <Filter>Object\Boss\SummonMonster</Filter>
    </ClCompile>
    <ClCompile Include="GhostDamien.cpp">
      <Filter>Object\Boss\SummonMonster</Filter>
    </ClCompile>
    <ClCompile Include="ReverseActor.cpp">
      <Filter>Object</Filter>
    </ClCompile>
    <ClCompile Include="SkillManager.cpp">
      <Filter>Object\Player\SKill</Filter>
    </ClCompile>
    <ClCompile Include="SkillDivide.cpp">
      <Filter>Object\Player\SKill</Filter>
    </ClCompile>
    <ClCompile Include="SkillFunction.cpp">
      <Filter>Object\Player\SKill</Filter>
    </ClCompile>
    <ClCompile Include="ContentsControlWindow.cpp">
      <Filter>GUI</Filter>
    </ClCompile>
    <ClCompile Include="JinHillaBossState.cpp">
      <Filter>Object\Boss</Filter>
    </ClCompile>
    <ClCompile Include="MapEditorLevel.cpp">
      <Filter>Level\Editor</Filter>
    </ClCompile>
    <ClCompile Include="BossLevelUi.cpp">
      <Filter>Object\Boss\UI</Filter>
    </ClCompile>
    <ClCompile Include="BossSkillEffect.cpp">
      <Filter>Object\Boss</Filter>
    </ClCompile>
    <ClCompile Include="PlayerValue.cpp">
      <Filter>Global</Filter>
    </ClCompile>
    <ClCompile Include="BossSkillManager.cpp">
      <Filter>Object\Boss</Filter>
    </ClCompile>
    <ClCompile Include="TestLevel.cpp">
      <Filter>Level</Filter>
    </ClCompile>
    <ClCompile Include="TestMonster.cpp">
      <Filter>Object\Boss\SummonMonster</Filter>
    </ClCompile>
    <ClCompile Include="BossBoxReward.cpp">
      <Filter>Object\Boss</Filter>
    </ClCompile>
    <ClCompile Include="DropItem.cpp">
      <Filter>Object\Boss\UI\Item</Filter>
    </ClCompile>
    <ClCompile Include="TitleLevel.cpp">
      <Filter>Level\1</Filter>
    </ClCompile>
    <ClCompile Include="TownLevel.cpp">
      <Filter>Level\2</Filter>
    </ClCompile>
    <ClCompile Include="CrossLoadLevel.cpp">
      <Filter>Level\3</Filter>
    </ClCompile>
    <ClCompile Include="HuntLevel.cpp">
      <Filter>Level\3</Filter>
    </ClCompile>
    <ClCompile Include="FormerLevel.cpp">
      <Filter>Level\4</Filter>
    </ClCompile>
    <ClCompile Include="RingPotalManager.cpp">
      <Filter>Object\Potal</Filter>
    </ClCompile>
    <ClCompile Include="PracticeLevel.cpp">
      <Filter>Level\5</Filter>
    </ClCompile>
    <ClCompile Include="BossEntranceLevel.cpp">
      <Filter>Level\6</Filter>
    </ClCompile>
    <ClCompile Include="BossEnterAniLevel.cpp">
      <Filter>Level\7</Filter>
    </ClCompile>
    <ClCompile Include="BossLevel.cpp">
      <Filter>Level\8</Filter>
    </ClCompile>
    <ClCompile Include="BossRewardLevel.cpp">
      <Filter>Level\9</Filter>
    </ClCompile>
    <ClCompile Include="LiberationLevel.cpp">
      <Filter>Level\9</Filter>
    </ClCompile>
    <ClCompile Include="CraneMonster.cpp">
      <Filter>Object\Monster</Filter>
    </ClCompile>
    <ClCompile Include="MonsterSpawnZone.cpp">
      <Filter>Object\Monster</Filter>
    </ClCompile>
    <ClCompile Include="PlayerEffect.cpp">
      <Filter>Render\PostEffect</Filter>
    </ClCompile>
    <ClCompile Include="MonsterFunction.cpp">
      <Filter>Object\Monster</Filter>
    </ClCompile>
    <ClCompile Include="GrandisGoddess.cpp">
      <Filter>Object\Boss\UI\NPC</Filter>
    </ClCompile>
    <ClCompile Include="ChatManager.cpp">
      <Filter>Object\Boss\UI\NPC</Filter>
    </ClCompile>
    <ClCompile Include="SolErdaGauge.cpp">
      <Filter>Object\Player\Effect</Filter>
    </ClCompile>
    <ClCompile Include="FormerEffect.cpp">
      <Filter>Object\Player\Effect</Filter>
    </ClCompile>
    <ClCompile Include="QuestIcon.cpp">
      <Filter>Object\Boss\UI\NPC</Filter>
    </ClCompile>
  </ItemGroup>
  <ItemGroup>
    <ClInclude Include="PreCompile.h" />
    <ClInclude Include="ContentsCore.h" />
    <ClInclude Include="ContentsEnum.h">
      <Filter>Global</Filter>
    </ClInclude>
    <ClInclude Include="TileMap.h">
      <Filter>Object</Filter>
    </ClInclude>
    <ClInclude Include="BackGroundMap.h">
      <Filter>Global</Filter>
    </ClInclude>
    <ClInclude Include="Player.h">
      <Filter>Object\Player</Filter>
    </ClInclude>
    <ClInclude Include="GlobalValue.h">
      <Filter>Global</Filter>
    </ClInclude>
    <ClInclude Include="PlayerActor.h">
      <Filter>Object\Player</Filter>
    </ClInclude>
    <ClInclude Include="MainUIActor.h">
      <Filter>Global</Filter>
    </ClInclude>
    <ClInclude Include="PotalManager.h">
      <Filter>Object\Potal</Filter>
    </ClInclude>
    <ClInclude Include="AdeleSkill.h">
      <Filter>Object\Player\SKill</Filter>
    </ClInclude>
    <ClInclude Include="BasicFunction.h">
      <Filter>Object\Player\Utill</Filter>
    </ClInclude>
    <ClInclude Include="DamageRenderer.h">
      <Filter>Object\Damage</Filter>
    </ClInclude>
    <ClInclude Include="Mouse.h">
      <Filter>Global</Filter>
    </ClInclude>
    <ClInclude Include="SummonUi.h">
      <Filter>Object\UI</Filter>
    </ClInclude>
    <ClInclude Include="Monster.h">
      <Filter>Object\Monster</Filter>
    </ClInclude>
    <ClInclude Include="JinHillaEnterAnime.h">
      <Filter>Object\Boss\BossAnime</Filter>
    </ClInclude>
    <ClInclude Include="JinHillaAnime.h">
      <Filter>Object\Boss\BossAnime</Filter>
    </ClInclude>
    <ClInclude Include="JinHillaBoss.h">
      <Filter>Object\Boss</Filter>
    </ClInclude>
    <ClInclude Include="CravingMonster.h">
      <Filter>Object\Boss\SummonMonster</Filter>
    </ClInclude>
    <ClInclude Include="GhostSwoo.h">
      <Filter>Object\Boss\SummonMonster</Filter>
    </ClInclude>
    <ClInclude Include="GhostDamien.h">
      <Filter>Object\Boss\SummonMonster</Filter>
    </ClInclude>
    <ClInclude Include="ReverseActor.h">
      <Filter>Object</Filter>
    </ClInclude>
    <ClInclude Include="SkillManager.h">
      <Filter>Object\Player\SKill</Filter>
    </ClInclude>
    <ClInclude Include="SkillDivide.h">
      <Filter>Object\Player\SKill</Filter>
    </ClInclude>
    <ClInclude Include="SkillFunction.h">
      <Filter>Object\Player\SKill</Filter>
    </ClInclude>
    <ClInclude Include="ContentsControlWindow.h">
      <Filter>GUI</Filter>
    </ClInclude>
    <ClInclude Include="MapEditorLevel.h">
      <Filter>Level\Editor</Filter>
    </ClInclude>
    <ClInclude Include="BossLevelUi.h">
      <Filter>Object\Boss\UI</Filter>
    </ClInclude>
    <ClInclude Include="BossSkillEffect.h">
      <Filter>Object\Boss</Filter>
    </ClInclude>
    <ClInclude Include="PlayerValue.h">
      <Filter>Global</Filter>
    </ClInclude>
    <ClInclude Include="BossSkillManager.h">
      <Filter>Object\Boss</Filter>
    </ClInclude>
    <ClInclude Include="TestLevel.h">
      <Filter>Level</Filter>
    </ClInclude>
    <ClInclude Include="TestMonster.h">
      <Filter>Object\Boss\SummonMonster</Filter>
    </ClInclude>
    <ClInclude Include="BossBoxReward.h">
      <Filter>Object\Boss</Filter>
    </ClInclude>
    <ClInclude Include="DropItem.h">
      <Filter>Object\Boss\UI\Item</Filter>
    </ClInclude>
    <ClInclude Include="TitleLevel.h">
      <Filter>Level\1</Filter>
    </ClInclude>
    <ClInclude Include="TownLevel.h">
      <Filter>Level\2</Filter>
    </ClInclude>
    <ClInclude Include="CrossLoadLevel.h">
      <Filter>Level\3</Filter>
    </ClInclude>
    <ClInclude Include="HuntLevel.h">
      <Filter>Level\3</Filter>
    </ClInclude>
    <ClInclude Include="FormerLevel.h">
      <Filter>Level\4</Filter>
    </ClInclude>
    <ClInclude Include="RingPotalManager.h">
      <Filter>Object\Potal</Filter>
    </ClInclude>
    <ClInclude Include="PracticeLevel.h">
      <Filter>Level\5</Filter>
    </ClInclude>
    <ClInclude Include="BossEntranceLevel.h">
      <Filter>Level\6</Filter>
    </ClInclude>
    <ClInclude Include="BossEnterAniLevel.h">
      <Filter>Level\7</Filter>
    </ClInclude>
    <ClInclude Include="BossLevel.h">
      <Filter>Level\8</Filter>
    </ClInclude>
    <ClInclude Include="BossRewardLevel.h">
      <Filter>Level\9</Filter>
    </ClInclude>
    <ClInclude Include="LiberationLevel.h">
      <Filter>Level\9</Filter>
    </ClInclude>
    <ClInclude Include="CraneMonster.h">
      <Filter>Object\Monster</Filter>
    </ClInclude>
    <ClInclude Include="MonsterSpawnZone.h">
      <Filter>Object\Monster</Filter>
    </ClInclude>
    <ClInclude Include="PlayerEffect.h">
      <Filter>Render\PostEffect</Filter>
    </ClInclude>
    <ClInclude Include="MonsterFunction.h">
      <Filter>Object\Monster</Filter>
    </ClInclude>
    <ClInclude Include="GrandisGoddess.h">
      <Filter>Object\Boss\UI\NPC</Filter>
    </ClInclude>
    <ClInclude Include="ChatManager.h">
      <Filter>Object\Boss\UI\NPC</Filter>
    </ClInclude>
    <ClInclude Include="SolErdaGauge.h">
      <Filter>Object\Player\Effect</Filter>
    </ClInclude>
    <ClInclude Include="FormerEffect.h">
      <Filter>Object\Player\Effect</Filter>
    </ClInclude>
    <ClInclude Include="QuestIcon.h">
      <Filter>Object\Boss\UI\NPC</Filter>
    </ClInclude>
  </ItemGroup>
  <ItemGroup>
    <Filter Include="Level">
      <UniqueIdentifier>{d8af736a-d258-49bb-9a73-610e29532983}</UniqueIdentifier>
    </Filter>
    <Filter Include="Object">
      <UniqueIdentifier>{351a7ff5-563c-40d3-b9ea-f84da193695f}</UniqueIdentifier>
    </Filter>
    <Filter Include="Global">
      <UniqueIdentifier>{32233c47-b570-4ae9-9c89-4dc2a5224b3f}</UniqueIdentifier>
    </Filter>
    <Filter Include="Object\Player">
      <UniqueIdentifier>{d7d60562-48c1-4a10-8629-509501139502}</UniqueIdentifier>
    </Filter>
    <Filter Include="Object\Player\SKill">
      <UniqueIdentifier>{0648dd44-240e-48d4-96b8-be7beafe35e7}</UniqueIdentifier>
    </Filter>
    <Filter Include="Object\Potal">
      <UniqueIdentifier>{a95353b8-cab2-4020-97c1-1f000e08fc1b}</UniqueIdentifier>
    </Filter>
    <Filter Include="Object\Player\Utill">
      <UniqueIdentifier>{934cc871-3a2b-4313-97eb-428fca2aaf09}</UniqueIdentifier>
    </Filter>
    <Filter Include="Object\Damage">
      <UniqueIdentifier>{004c3407-9df7-4ff5-a59e-b1f82fcba03f}</UniqueIdentifier>
    </Filter>
    <Filter Include="Object\UI">
      <UniqueIdentifier>{baa31acc-2a5b-43e4-8953-28768935b13f}</UniqueIdentifier>
    </Filter>
    <Filter Include="Object\Monster">
      <UniqueIdentifier>{540def0d-3a4f-4b19-81f7-8663c3253328}</UniqueIdentifier>
    </Filter>
    <Filter Include="Object\Boss">
      <UniqueIdentifier>{8749cffa-fad4-4545-bf16-49bf4768c897}</UniqueIdentifier>
    </Filter>
    <Filter Include="Object\Boss\SummonMonster">
      <UniqueIdentifier>{3760d047-b1ab-4368-b31a-4dd5bf733128}</UniqueIdentifier>
    </Filter>
    <Filter Include="Object\Boss\BossAnime">
      <UniqueIdentifier>{b23dff28-ad41-4ad2-8743-8fa92e124c6b}</UniqueIdentifier>
    </Filter>
    <Filter Include="Object\Boss\UI">
      <UniqueIdentifier>{5ad2f0e8-5d0d-4f76-adb8-29ac6e453154}</UniqueIdentifier>
    </Filter>
    <Filter Include="GUI">
      <UniqueIdentifier>{1b6893ad-abb6-45a2-9489-fee40258797f}</UniqueIdentifier>
    </Filter>
    <Filter Include="Level\Editor">
      <UniqueIdentifier>{82ebd5e1-4441-45f3-a96a-b4484a23fb03}</UniqueIdentifier>
    </Filter>
    <Filter Include="Object\Boss\UI\Item">
      <UniqueIdentifier>{d6bd5da1-9f8f-4cb9-b4b4-8368c8e238b3}</UniqueIdentifier>
    </Filter>
    <Filter Include="Level\1">
      <UniqueIdentifier>{2c1ee710-0f13-410e-aca3-238f1ae3c6ae}</UniqueIdentifier>
    </Filter>
    <Filter Include="Level\2">
      <UniqueIdentifier>{47df0060-2c46-4ca6-bb26-bd0b26e17e19}</UniqueIdentifier>
    </Filter>
    <Filter Include="Level\3">
      <UniqueIdentifier>{a8558afe-f707-431e-ac98-bd0b2816eb56}</UniqueIdentifier>
    </Filter>
    <Filter Include="Level\4">
      <UniqueIdentifier>{984d9902-3c2e-45ad-8f7c-5d6de21c78eb}</UniqueIdentifier>
    </Filter>
    <Filter Include="Level\5">
      <UniqueIdentifier>{e6f21fd8-41d0-4071-8807-d92a97e8be29}</UniqueIdentifier>
    </Filter>
    <Filter Include="Level\6">
      <UniqueIdentifier>{f794a21f-24b0-46e9-a61e-246107ea5c49}</UniqueIdentifier>
    </Filter>
    <Filter Include="Level\7">
      <UniqueIdentifier>{4a0af1a3-8a1b-4a23-b0dd-2d2fc89b836f}</UniqueIdentifier>
    </Filter>
    <Filter Include="Level\8">
      <UniqueIdentifier>{63fd09b8-d9f6-43b9-9f2a-b37a7106f555}</UniqueIdentifier>
    </Filter>
    <Filter Include="Level\9">
      <UniqueIdentifier>{2834aef0-c7d7-45cf-8c66-21543a796f3b}</UniqueIdentifier>
    </Filter>
    <Filter Include="Render">
      <UniqueIdentifier>{c47ca23c-9358-4d69-8508-7e90da201301}</UniqueIdentifier>
    </Filter>
    <Filter Include="Render\PostEffect">
      <UniqueIdentifier>{47ae751f-602a-4fbf-a7c1-121ac3a5e64e}</UniqueIdentifier>
    </Filter>
    <Filter Include="Object\Boss\UI\NPC">
      <UniqueIdentifier>{e414775d-1a1f-4b2b-a709-7d82dbc0df43}</UniqueIdentifier>
    </Filter>
    <Filter Include="Object\Player\Effect">
      <UniqueIdentifier>{9a3b27ea-f115-4c05-8290-40f9c214b4e5}</UniqueIdentifier>
    </Filter>
  </ItemGroup>
</Project>