<?xml version="1.0" encoding="utf-8"?>
<Project ToolsVersion="4.0" xmlns="http://schemas.microsoft.com/developer/msbuild/2003">
  <ItemGroup>
    <ClCompile Include="PreCompile.cpp" />
    <ClCompile Include="ContentsCore.cpp" />
    <ClCompile Include="PracticeLevel.cpp">
      <Filter>Level</Filter>
    </ClCompile>
    <ClCompile Include="TitleLevel.cpp">
      <Filter>Level</Filter>
    </ClCompile>
    <ClCompile Include="Monster.cpp">
      <Filter>Object</Filter>
    </ClCompile>
    <ClCompile Include="TileMap.cpp">
      <Filter>Object</Filter>
    </ClCompile>
    <ClCompile Include="BossLevel.cpp">
      <Filter>Level</Filter>
    </ClCompile>
    <ClCompile Include="BossEntranceLevel.cpp">
      <Filter>Level</Filter>
    </ClCompile>
    <ClCompile Include="BossRewardLevel.cpp">
      <Filter>Level</Filter>
    </ClCompile>
    <ClCompile Include="BackGroundMap.cpp">
      <Filter>Global</Filter>
    </ClCompile>
    <ClCompile Include="JinHillaAnime.cpp">
      <Filter>Object</Filter>
    </ClCompile>
    <ClCompile Include="Player.cpp">
      <Filter>Object\Player</Filter>
    </ClCompile>
    <ClCompile Include="PlayerState.cpp">
      <Filter>Object\Player</Filter>
    </ClCompile>
    <ClCompile Include="GlobalValue.cpp">
      <Filter>Global</Filter>
    </ClCompile>
    <ClCompile Include="PlayerActor.cpp">
      <Filter>Object\Player</Filter>
    </ClCompile>
    <ClCompile Include="MainUIActor.cpp">
      <Filter>Global</Filter>
    </ClCompile>
    <ClCompile Include="PotalManager.cpp">
      <Filter>Object\Potal</Filter>
    </ClCompile>
    <ClCompile Include="AdeleSkill.cpp">
      <Filter>Object\Player\SKill</Filter>
    </ClCompile>
    <ClCompile Include="BasicFunction.cpp">
      <Filter>Object\Player\Utill</Filter>
    </ClCompile>
  </ItemGroup>
  <ItemGroup>
    <ClInclude Include="PreCompile.h" />
    <ClInclude Include="ContentsCore.h" />
    <ClInclude Include="PracticeLevel.h">
      <Filter>Level</Filter>
    </ClInclude>
    <ClInclude Include="TitleLevel.h">
      <Filter>Level</Filter>
    </ClInclude>
    <ClInclude Include="ContentsEnum.h">
      <Filter>Global</Filter>
    </ClInclude>
    <ClInclude Include="Monster.h">
      <Filter>Object</Filter>
    </ClInclude>
    <ClInclude Include="TileMap.h">
      <Filter>Object</Filter>
    </ClInclude>
    <ClInclude Include="BossLevel.h">
      <Filter>Level</Filter>
    </ClInclude>
    <ClInclude Include="BossEntranceLevel.h">
      <Filter>Level</Filter>
    </ClInclude>
    <ClInclude Include="BossRewardLevel.h">
      <Filter>Level</Filter>
    </ClInclude>
    <ClInclude Include="BackGroundMap.h">
      <Filter>Global</Filter>
    </ClInclude>
    <ClInclude Include="JinHillaAnime.h">
      <Filter>Object</Filter>
    </ClInclude>
    <ClInclude Include="Player.h">
      <Filter>Object\Player</Filter>
    </ClInclude>
    <ClInclude Include="GlobalValue.h">
      <Filter>Global</Filter>
    </ClInclude>
    <ClInclude Include="PlayerActor.h">
      <Filter>Object\Player</Filter>
    </ClInclude>
    <ClInclude Include="MainUIActor.h">
      <Filter>Global</Filter>
    </ClInclude>
    <ClInclude Include="PotalManager.h">
      <Filter>Object\Potal</Filter>
    </ClInclude>
    <ClInclude Include="AdeleSkill.h">
      <Filter>Object\Player\SKill</Filter>
    </ClInclude>
    <ClInclude Include="BasicFunction.h">
      <Filter>Object\Player\Utill</Filter>
    </ClInclude>
  </ItemGroup>
  <ItemGroup>
    <Filter Include="Level">
      <UniqueIdentifier>{d8af736a-d258-49bb-9a73-610e29532983}</UniqueIdentifier>
    </Filter>
    <Filter Include="Object">
      <UniqueIdentifier>{351a7ff5-563c-40d3-b9ea-f84da193695f}</UniqueIdentifier>
    </Filter>
    <Filter Include="Global">
      <UniqueIdentifier>{32233c47-b570-4ae9-9c89-4dc2a5224b3f}</UniqueIdentifier>
    </Filter>
    <Filter Include="Object\Player">
      <UniqueIdentifier>{d7d60562-48c1-4a10-8629-509501139502}</UniqueIdentifier>
    </Filter>
    <Filter Include="Object\Player\SKill">
      <UniqueIdentifier>{0648dd44-240e-48d4-96b8-be7beafe35e7}</UniqueIdentifier>
    </Filter>
    <Filter Include="Object\Potal">
      <UniqueIdentifier>{a95353b8-cab2-4020-97c1-1f000e08fc1b}</UniqueIdentifier>
    </Filter>
    <Filter Include="Object\Player\Utill">
      <UniqueIdentifier>{934cc871-3a2b-4313-97eb-428fca2aaf09}</UniqueIdentifier>
    </Filter>
  </ItemGroup>
</Project>