<?xml version="1.0" encoding="utf-8"?>
<Project ToolsVersion="4.0" xmlns="http://schemas.microsoft.com/developer/msbuild/2003">
  <ItemGroup>
    <ClCompile Include="PreCompile.cpp" />
    <ClCompile Include="ContentsCore.cpp" />
    <ClCompile Include="PracticeLevel.cpp">
      <Filter>Level</Filter>
    </ClCompile>
    <ClCompile Include="TitleLevel.cpp">
      <Filter>Level</Filter>
    </ClCompile>
    <ClCompile Include="TileMap.cpp">
      <Filter>Object</Filter>
    </ClCompile>
    <ClCompile Include="BossLevel.cpp">
      <Filter>Level</Filter>
    </ClCompile>
    <ClCompile Include="BossEntranceLevel.cpp">
      <Filter>Level</Filter>
    </ClCompile>
    <ClCompile Include="BossRewardLevel.cpp">
      <Filter>Level</Filter>
    </ClCompile>
    <ClCompile Include="BackGroundMap.cpp">
      <Filter>Global</Filter>
    </ClCompile>
    <ClCompile Include="Player.cpp">
      <Filter>Object\Player</Filter>
    </ClCompile>
    <ClCompile Include="PlayerState.cpp">
      <Filter>Object\Player</Filter>
    </ClCompile>
    <ClCompile Include="GlobalValue.cpp">
      <Filter>Global</Filter>
    </ClCompile>
    <ClCompile Include="PlayerActor.cpp">
      <Filter>Object\Player</Filter>
    </ClCompile>
    <ClCompile Include="MainUIActor.cpp">
      <Filter>Global</Filter>
    </ClCompile>
    <ClCompile Include="PotalManager.cpp">
      <Filter>Object\Potal</Filter>
    </ClCompile>
    <ClCompile Include="AdeleSkill.cpp">
      <Filter>Object\Player\SKill</Filter>
    </ClCompile>
    <ClCompile Include="BasicFunction.cpp">
      <Filter>Object\Player\Utill</Filter>
    </ClCompile>
    <ClCompile Include="DamageRenderer.cpp">
      <Filter>Object\Damage</Filter>
    </ClCompile>
    <ClCompile Include="Mouse.cpp">
      <Filter>Global</Filter>
    </ClCompile>
    <ClCompile Include="SummonUi.cpp">
      <Filter>Object\UI</Filter>
    </ClCompile>
    <ClCompile Include="Monster.cpp">
      <Filter>Object\Monster</Filter>
    </ClCompile>
    <ClCompile Include="JinHillaAnime.cpp">
      <Filter>Object\Boss\BossAnime</Filter>
    </ClCompile>
    <ClCompile Include="JinHillaEnterAnime.cpp">
      <Filter>Object\Boss\BossAnime</Filter>
    </ClCompile>
    <ClCompile Include="JinHillaBoss.cpp">
      <Filter>Object\Boss</Filter>
    </ClCompile>
    <ClCompile Include="CravingMonster.cpp">
      <Filter>Object\Boss\SummonMonster</Filter>
    </ClCompile>
    <ClCompile Include="MonsterFunction.cpp">
      <Filter>Object\Boss\SummonMonster</Filter>
    </ClCompile>
    <ClCompile Include="GhostSwoo.cpp">
      <Filter>Object\Boss\SummonMonster</Filter>
    </ClCompile>
    <ClCompile Include="GhostDamien.cpp">
      <Filter>Object\Boss\SummonMonster</Filter>
    </ClCompile>
    <ClCompile Include="ReverseActor.cpp">
      <Filter>Object</Filter>
    </ClCompile>
    <ClCompile Include="SkillManager.cpp">
      <Filter>Object\Player\SKill</Filter>
    </ClCompile>
    <ClCompile Include="SkillDivide.cpp">
      <Filter>Object\Player\SKill</Filter>
    </ClCompile>
    <ClCompile Include="SkillFunction.cpp">
      <Filter>Object\Player\SKill</Filter>
    </ClCompile>
    <ClCompile Include="ContentsControlWindow.cpp">
      <Filter>GUI</Filter>
    </ClCompile>
    <ClCompile Include="JinHillaBossState.cpp">
      <Filter>Object\Boss</Filter>
    </ClCompile>
    <ClCompile Include="MapEditorLevel.cpp">
      <Filter>Level\Editor</Filter>
    </ClCompile>
    <ClCompile Include="BossLevelUi.cpp">
      <Filter>Object\Boss\UI</Filter>
    </ClCompile>
    <ClCompile Include="BossSkillEffect.cpp">
      <Filter>Object\Boss</Filter>
    </ClCompile>
    <ClCompile Include="PlayerValue.cpp">
      <Filter>Global</Filter>
    </ClCompile>
    <ClCompile Include="BossSkillManager.cpp">
      <Filter>Object\Boss</Filter>
    </ClCompile>
  </ItemGroup>
  <ItemGroup>
    <ClInclude Include="PreCompile.h" />
    <ClInclude Include="ContentsCore.h" />
    <ClInclude Include="PracticeLevel.h">
      <Filter>Level</Filter>
    </ClInclude>
    <ClInclude Include="TitleLevel.h">
      <Filter>Level</Filter>
    </ClInclude>
    <ClInclude Include="ContentsEnum.h">
      <Filter>Global</Filter>
    </ClInclude>
    <ClInclude Include="TileMap.h">
      <Filter>Object</Filter>
    </ClInclude>
    <ClInclude Include="BossLevel.h">
      <Filter>Level</Filter>
    </ClInclude>
    <ClInclude Include="BossEntranceLevel.h">
      <Filter>Level</Filter>
    </ClInclude>
    <ClInclude Include="BossRewardLevel.h">
      <Filter>Level</Filter>
    </ClInclude>
    <ClInclude Include="BackGroundMap.h">
      <Filter>Global</Filter>
    </ClInclude>
    <ClInclude Include="Player.h">
      <Filter>Object\Player</Filter>
    </ClInclude>
    <ClInclude Include="GlobalValue.h">
      <Filter>Global</Filter>
    </ClInclude>
    <ClInclude Include="PlayerActor.h">
      <Filter>Object\Player</Filter>
    </ClInclude>
    <ClInclude Include="MainUIActor.h">
      <Filter>Global</Filter>
    </ClInclude>
    <ClInclude Include="PotalManager.h">
      <Filter>Object\Potal</Filter>
    </ClInclude>
    <ClInclude Include="AdeleSkill.h">
      <Filter>Object\Player\SKill</Filter>
    </ClInclude>
    <ClInclude Include="BasicFunction.h">
      <Filter>Object\Player\Utill</Filter>
    </ClInclude>
    <ClInclude Include="DamageRenderer.h">
      <Filter>Object\Damage</Filter>
    </ClInclude>
    <ClInclude Include="Mouse.h">
      <Filter>Global</Filter>
    </ClInclude>
    <ClInclude Include="SummonUi.h">
      <Filter>Object\UI</Filter>
    </ClInclude>
    <ClInclude Include="Monster.h">
      <Filter>Object\Monster</Filter>
    </ClInclude>
    <ClInclude Include="JinHillaEnterAnime.h">
      <Filter>Object\Boss\BossAnime</Filter>
    </ClInclude>
    <ClInclude Include="JinHillaAnime.h">
      <Filter>Object\Boss\BossAnime</Filter>
    </ClInclude>
    <ClInclude Include="JinHillaBoss.h">
      <Filter>Object\Boss</Filter>
    </ClInclude>
    <ClInclude Include="CravingMonster.h">
      <Filter>Object\Boss\SummonMonster</Filter>
    </ClInclude>
    <ClInclude Include="MonsterFunction.h">
      <Filter>Object\Boss\SummonMonster</Filter>
    </ClInclude>
    <ClInclude Include="GhostSwoo.h">
      <Filter>Object\Boss\SummonMonster</Filter>
    </ClInclude>
    <ClInclude Include="GhostDamien.h">
      <Filter>Object\Boss\SummonMonster</Filter>
    </ClInclude>
    <ClInclude Include="ReverseActor.h">
      <Filter>Object</Filter>
    </ClInclude>
    <ClInclude Include="SkillManager.h">
      <Filter>Object\Player\SKill</Filter>
    </ClInclude>
    <ClInclude Include="SkillDivide.h">
      <Filter>Object\Player\SKill</Filter>
    </ClInclude>
    <ClInclude Include="SkillFunction.h">
      <Filter>Object\Player\SKill</Filter>
    </ClInclude>
    <ClInclude Include="ContentsControlWindow.h">
      <Filter>GUI</Filter>
    </ClInclude>
    <ClInclude Include="MapEditorLevel.h">
      <Filter>Level\Editor</Filter>
    </ClInclude>
    <ClInclude Include="BossLevelUi.h">
      <Filter>Object\Boss\UI</Filter>
    </ClInclude>
    <ClInclude Include="BossSkillEffect.h">
      <Filter>Object\Boss</Filter>
    </ClInclude>
    <ClInclude Include="PlayerValue.h">
      <Filter>Global</Filter>
    </ClInclude>
    <ClInclude Include="BossSkillManager.h">
      <Filter>Object\Boss</Filter>
    </ClInclude>
  </ItemGroup>
  <ItemGroup>
    <Filter Include="Level">
      <UniqueIdentifier>{d8af736a-d258-49bb-9a73-610e29532983}</UniqueIdentifier>
    </Filter>
    <Filter Include="Object">
      <UniqueIdentifier>{351a7ff5-563c-40d3-b9ea-f84da193695f}</UniqueIdentifier>
    </Filter>
    <Filter Include="Global">
      <UniqueIdentifier>{32233c47-b570-4ae9-9c89-4dc2a5224b3f}</UniqueIdentifier>
    </Filter>
    <Filter Include="Object\Player">
      <UniqueIdentifier>{d7d60562-48c1-4a10-8629-509501139502}</UniqueIdentifier>
    </Filter>
    <Filter Include="Object\Player\SKill">
      <UniqueIdentifier>{0648dd44-240e-48d4-96b8-be7beafe35e7}</UniqueIdentifier>
    </Filter>
    <Filter Include="Object\Potal">
      <UniqueIdentifier>{a95353b8-cab2-4020-97c1-1f000e08fc1b}</UniqueIdentifier>
    </Filter>
    <Filter Include="Object\Player\Utill">
      <UniqueIdentifier>{934cc871-3a2b-4313-97eb-428fca2aaf09}</UniqueIdentifier>
    </Filter>
    <Filter Include="Object\Damage">
      <UniqueIdentifier>{004c3407-9df7-4ff5-a59e-b1f82fcba03f}</UniqueIdentifier>
    </Filter>
    <Filter Include="Object\UI">
      <UniqueIdentifier>{baa31acc-2a5b-43e4-8953-28768935b13f}</UniqueIdentifier>
    </Filter>
    <Filter Include="Object\Monster">
      <UniqueIdentifier>{540def0d-3a4f-4b19-81f7-8663c3253328}</UniqueIdentifier>
    </Filter>
    <Filter Include="Object\Boss">
      <UniqueIdentifier>{8749cffa-fad4-4545-bf16-49bf4768c897}</UniqueIdentifier>
    </Filter>
    <Filter Include="Object\Boss\SummonMonster">
      <UniqueIdentifier>{3760d047-b1ab-4368-b31a-4dd5bf733128}</UniqueIdentifier>
    </Filter>
    <Filter Include="Object\Boss\BossAnime">
      <UniqueIdentifier>{b23dff28-ad41-4ad2-8743-8fa92e124c6b}</UniqueIdentifier>
    </Filter>
    <Filter Include="Object\Boss\UI">
      <UniqueIdentifier>{5ad2f0e8-5d0d-4f76-adb8-29ac6e453154}</UniqueIdentifier>
    </Filter>
    <Filter Include="GUI">
      <UniqueIdentifier>{1b6893ad-abb6-45a2-9489-fee40258797f}</UniqueIdentifier>
    </Filter>
    <Filter Include="Level\Editor">
      <UniqueIdentifier>{82ebd5e1-4441-45f3-a96a-b4484a23fb03}</UniqueIdentifier>
    </Filter>
  </ItemGroup>
</Project>