<?xml version="1.0" encoding="utf-8"?>
<Project ToolsVersion="4.0" xmlns="http://schemas.microsoft.com/developer/msbuild/2003">
  <ItemGroup>
    <FxCompile Include="ColorShader.fx" />
    <FxCompile Include="Transform.fx">
      <Filter>Header</Filter>
    </FxCompile>
    <FxCompile Include="RenderBase.fx">
      <Filter>Header</Filter>
    </FxCompile>
    <FxCompile Include="TextureShader.fx">
      <Filter>2D</Filter>
    </FxCompile>
    <FxCompile Include="DebugColorShader.fx">
      <Filter>Debug</Filter>
    </FxCompile>
    <FxCompile Include="DebugLineShader.fx">
      <Filter>Debug</Filter>
    </FxCompile>
    <FxCompile Include="TargetMerge.fx">
      <Filter>Target</Filter>
    </FxCompile>
    <FxCompile Include="FadePostEffect.fx">
      <Filter>Effect</Filter>
    </FxCompile>
  </ItemGroup>
  <ItemGroup>
    <Text Include="쉐이더 규칙.txt" />
  </ItemGroup>
  <ItemGroup>
    <Filter Include="Header">
      <UniqueIdentifier>{04c13810-d07e-4b77-8311-bdf8f706b3a8}</UniqueIdentifier>
    </Filter>
    <Filter Include="2D">
      <UniqueIdentifier>{ec221227-bf2a-4b9e-b8bb-28a573f62a1e}</UniqueIdentifier>
    </Filter>
    <Filter Include="Debug">
      <UniqueIdentifier>{b495da4f-5d7f-47a6-8a0e-7d20d0075568}</UniqueIdentifier>
    </Filter>
    <Filter Include="Target">
      <UniqueIdentifier>{4b47e7b9-571e-4cda-abb4-9e0de1f6f399}</UniqueIdentifier>
    </Filter>
    <Filter Include="Effect">
      <UniqueIdentifier>{5e399d54-db3f-4a21-b527-9a7041ecd7ba}</UniqueIdentifier>
    </Filter>
  </ItemGroup>
</Project>