<?xml version="1.0" encoding="utf-8"?>
<Project ToolsVersion="4.0" xmlns="http://schemas.microsoft.com/developer/msbuild/2003">
  <ItemGroup>
    <FxCompile Include="ColorShader.fx" />
    <FxCompile Include="TextureShader.fx" />
    <FxCompile Include="Transform.fx">
      <Filter>Header</Filter>
    </FxCompile>
    <FxCompile Include="RenderBase.fx">
      <Filter>Header</Filter>
    </FxCompile>
  </ItemGroup>
  <ItemGroup>
    <Text Include="쉐이더 규칙.txt" />
  </ItemGroup>
  <ItemGroup>
    <Filter Include="Header">
      <UniqueIdentifier>{04c13810-d07e-4b77-8311-bdf8f706b3a8}</UniqueIdentifier>
    </Filter>
  </ItemGroup>
</Project>